// !$*UTF8*$!
{
	archiveVersion = 1;
	classes = {
	};
	objectVersion = 50;
	objects = {

/* Begin PBXBuildFile section */
		A2008B83250767E60060C3D2 /* AppDelegate.swift in Sources */ = {isa = PBXBuildFile; fileRef = A2008B82250767E60060C3D2 /* AppDelegate.swift */; };
		A2008B85250767E60060C3D2 /* SceneDelegate.swift in Sources */ = {isa = PBXBuildFile; fileRef = A2008B84250767E60060C3D2 /* SceneDelegate.swift */; };
		A2008B87250767E60060C3D2 /* ViewController.swift in Sources */ = {isa = PBXBuildFile; fileRef = A2008B86250767E60060C3D2 /* ViewController.swift */; };
		A2008B8C250767E70060C3D2 /* Assets.xcassets in Resources */ = {isa = PBXBuildFile; fileRef = A2008B8B250767E70060C3D2 /* Assets.xcassets */; };
		A2008B8F250767E70060C3D2 /* LaunchScreen.storyboard in Resources */ = {isa = PBXBuildFile; fileRef = A2008B8D250767E70060C3D2 /* LaunchScreen.storyboard */; };
		A2008BA325076A9A0060C3D2 /* RecipeSearch.swift in Sources */ = {isa = PBXBuildFile; fileRef = A2008BA125076A9A0060C3D2 /* RecipeSearch.swift */; };
		A2008BA425076A9A0060C3D2 /* RecipeSearch.xib in Resources */ = {isa = PBXBuildFile; fileRef = A2008BA225076A9A0060C3D2 /* RecipeSearch.xib */; };
		A2008BA625076C740060C3D2 /* ModuleBuilder.swift in Sources */ = {isa = PBXBuildFile; fileRef = A2008BA525076C740060C3D2 /* ModuleBuilder.swift */; };
		A2008BA825076CBB0060C3D2 /* RecipeSearchViewModel.swift in Sources */ = {isa = PBXBuildFile; fileRef = A2008BA725076CBB0060C3D2 /* RecipeSearchViewModel.swift */; };
		A2008BAA25076DEB0060C3D2 /* Color.xcassets in Resources */ = {isa = PBXBuildFile; fileRef = A2008BA925076DEB0060C3D2 /* Color.xcassets */; };
		A2008BAD25076E0D0060C3D2 /* Color.swift in Sources */ = {isa = PBXBuildFile; fileRef = A2008BAC25076E0D0060C3D2 /* Color.swift */; };
		A2008BAF250782970060C3D2 /* Recipe.swift in Sources */ = {isa = PBXBuildFile; fileRef = A2008BAE250782970060C3D2 /* Recipe.swift */; };
		A2008BB12507839B0060C3D2 /* ServerHandler.swift in Sources */ = {isa = PBXBuildFile; fileRef = A2008BB02507839B0060C3D2 /* ServerHandler.swift */; };
		A2008BD52507AF100060C3D2 /* RecipeCell.swift in Sources */ = {isa = PBXBuildFile; fileRef = A2008BD42507AF100060C3D2 /* RecipeCell.swift */; };
		A2008BD72507DB6C0060C3D2 /* SearchOption.swift in Sources */ = {isa = PBXBuildFile; fileRef = A2008BD62507DB6C0060C3D2 /* SearchOption.swift */; };
		A2008BD92507EB3F0060C3D2 /* UISearchBarExtension.swift in Sources */ = {isa = PBXBuildFile; fileRef = A2008BD82507EB3E0060C3D2 /* UISearchBarExtension.swift */; };
		A2536668250A0BE60060CDCA /* Errors.swift in Sources */ = {isa = PBXBuildFile; fileRef = A2536667250A0BE60060CDCA /* Errors.swift */; };
		A2DA5D672508A0C6004EAB7B /* RecipeDetails.swift in Sources */ = {isa = PBXBuildFile; fileRef = A2DA5D652508A0C6004EAB7B /* RecipeDetails.swift */; };
		A2DA5D682508A0C6004EAB7B /* RecipeDetails.xib in Resources */ = {isa = PBXBuildFile; fileRef = A2DA5D662508A0C6004EAB7B /* RecipeDetails.xib */; };
		A2DA5D6A2508B6EF004EAB7B /* RecipeDetailsViewModel.swift in Sources */ = {isa = PBXBuildFile; fileRef = A2DA5D692508B6EF004EAB7B /* RecipeDetailsViewModel.swift */; };
		A2DA5D7425091D29004EAB7B /* IngradientsCell.swift in Sources */ = {isa = PBXBuildFile; fileRef = A2DA5D7225091D29004EAB7B /* IngradientsCell.swift */; };
		A2DA5D7525091D29004EAB7B /* IngradientsCell.xib in Resources */ = {isa = PBXBuildFile; fileRef = A2DA5D7325091D29004EAB7B /* IngradientsCell.xib */; };
		A2DA5D7D250936CB004EAB7B /* Main.swift in Sources */ = {isa = PBXBuildFile; fileRef = A2DA5D7B250936CB004EAB7B /* Main.swift */; };
		A2DA5D7E250936CB004EAB7B /* Main.xib in Resources */ = {isa = PBXBuildFile; fileRef = A2DA5D7C250936CB004EAB7B /* Main.xib */; };
		A2F23B8A250A31E700967D88 /* ExtensionRecipeSearch.swift in Sources */ = {isa = PBXBuildFile; fileRef = A2F23B89250A31E700967D88 /* ExtensionRecipeSearch.swift */; };
		A2F23B90250A574600967D88 /* ExtensionRecipeDetails..swift in Sources */ = {isa = PBXBuildFile; fileRef = A2F23B8F250A574600967D88 /* ExtensionRecipeDetails..swift */; };
/* End PBXBuildFile section */

/* Begin PBXFileReference section */
		A2008B7F250767E60060C3D2 /* Recipe Search.app */ = {isa = PBXFileReference; explicitFileType = wrapper.application; includeInIndex = 0; path = "Recipe Search.app"; sourceTree = BUILT_PRODUCTS_DIR; };
		A2008B82250767E60060C3D2 /* AppDelegate.swift */ = {isa = PBXFileReference; lastKnownFileType = sourcecode.swift; path = AppDelegate.swift; sourceTree = "<group>"; };
		A2008B84250767E60060C3D2 /* SceneDelegate.swift */ = {isa = PBXFileReference; lastKnownFileType = sourcecode.swift; path = SceneDelegate.swift; sourceTree = "<group>"; };
		A2008B86250767E60060C3D2 /* ViewController.swift */ = {isa = PBXFileReference; lastKnownFileType = sourcecode.swift; path = ViewController.swift; sourceTree = "<group>"; };
		A2008B8B250767E70060C3D2 /* Assets.xcassets */ = {isa = PBXFileReference; lastKnownFileType = folder.assetcatalog; path = Assets.xcassets; sourceTree = "<group>"; };
		A2008B8E250767E70060C3D2 /* Base */ = {isa = PBXFileReference; lastKnownFileType = file.storyboard; name = Base; path = Base.lproj/LaunchScreen.storyboard; sourceTree = "<group>"; };
		A2008B90250767E70060C3D2 /* Info.plist */ = {isa = PBXFileReference; lastKnownFileType = text.plist.xml; path = Info.plist; sourceTree = "<group>"; };
		A2008BA125076A9A0060C3D2 /* RecipeSearch.swift */ = {isa = PBXFileReference; lastKnownFileType = sourcecode.swift; path = RecipeSearch.swift; sourceTree = "<group>"; };
		A2008BA225076A9A0060C3D2 /* RecipeSearch.xib */ = {isa = PBXFileReference; lastKnownFileType = file.xib; path = RecipeSearch.xib; sourceTree = "<group>"; };
		A2008BA525076C740060C3D2 /* ModuleBuilder.swift */ = {isa = PBXFileReference; lastKnownFileType = sourcecode.swift; path = ModuleBuilder.swift; sourceTree = "<group>"; };
		A2008BA725076CBB0060C3D2 /* RecipeSearchViewModel.swift */ = {isa = PBXFileReference; lastKnownFileType = sourcecode.swift; path = RecipeSearchViewModel.swift; sourceTree = "<group>"; };
		A2008BA925076DEB0060C3D2 /* Color.xcassets */ = {isa = PBXFileReference; lastKnownFileType = folder.assetcatalog; path = Color.xcassets; sourceTree = "<group>"; };
		A2008BAC25076E0D0060C3D2 /* Color.swift */ = {isa = PBXFileReference; lastKnownFileType = sourcecode.swift; path = Color.swift; sourceTree = "<group>"; };
		A2008BAE250782970060C3D2 /* Recipe.swift */ = {isa = PBXFileReference; lastKnownFileType = sourcecode.swift; path = Recipe.swift; sourceTree = "<group>"; };
		A2008BB02507839B0060C3D2 /* ServerHandler.swift */ = {isa = PBXFileReference; lastKnownFileType = sourcecode.swift; path = ServerHandler.swift; sourceTree = "<group>"; };
		A2008BD42507AF100060C3D2 /* RecipeCell.swift */ = {isa = PBXFileReference; lastKnownFileType = sourcecode.swift; path = RecipeCell.swift; sourceTree = "<group>"; };
		A2008BD62507DB6C0060C3D2 /* SearchOption.swift */ = {isa = PBXFileReference; lastKnownFileType = sourcecode.swift; path = SearchOption.swift; sourceTree = "<group>"; };
		A2008BD82507EB3E0060C3D2 /* UISearchBarExtension.swift */ = {isa = PBXFileReference; lastKnownFileType = sourcecode.swift; path = UISearchBarExtension.swift; sourceTree = "<group>"; };
		A2536667250A0BE60060CDCA /* Errors.swift */ = {isa = PBXFileReference; lastKnownFileType = sourcecode.swift; path = Errors.swift; sourceTree = "<group>"; };
		A2DA5D652508A0C6004EAB7B /* RecipeDetails.swift */ = {isa = PBXFileReference; lastKnownFileType = sourcecode.swift; path = RecipeDetails.swift; sourceTree = "<group>"; };
		A2DA5D662508A0C6004EAB7B /* RecipeDetails.xib */ = {isa = PBXFileReference; lastKnownFileType = file.xib; path = RecipeDetails.xib; sourceTree = "<group>"; };
		A2DA5D692508B6EF004EAB7B /* RecipeDetailsViewModel.swift */ = {isa = PBXFileReference; lastKnownFileType = sourcecode.swift; path = RecipeDetailsViewModel.swift; sourceTree = "<group>"; };
		A2DA5D7225091D29004EAB7B /* IngradientsCell.swift */ = {isa = PBXFileReference; lastKnownFileType = sourcecode.swift; path = IngradientsCell.swift; sourceTree = "<group>"; };
		A2DA5D7325091D29004EAB7B /* IngradientsCell.xib */ = {isa = PBXFileReference; lastKnownFileType = file.xib; path = IngradientsCell.xib; sourceTree = "<group>"; };
		A2DA5D7B250936CB004EAB7B /* Main.swift */ = {isa = PBXFileReference; lastKnownFileType = sourcecode.swift; path = Main.swift; sourceTree = "<group>"; };
		A2DA5D7C250936CB004EAB7B /* Main.xib */ = {isa = PBXFileReference; lastKnownFileType = file.xib; path = Main.xib; sourceTree = "<group>"; };
		A2F23B89250A31E700967D88 /* ExtensionRecipeSearch.swift */ = {isa = PBXFileReference; lastKnownFileType = sourcecode.swift; path = ExtensionRecipeSearch.swift; sourceTree = "<group>"; };
		A2F23B8F250A574600967D88 /* ExtensionRecipeDetails..swift */ = {isa = PBXFileReference; lastKnownFileType = sourcecode.swift; path = ExtensionRecipeDetails..swift; sourceTree = "<group>"; };
/* End PBXFileReference section */

/* Begin PBXFrameworksBuildPhase section */
		A2008B7C250767E60060C3D2 /* Frameworks */ = {
			isa = PBXFrameworksBuildPhase;
			buildActionMask = 2147483647;
			files = (
			);
			runOnlyForDeploymentPostprocessing = 0;
		};
/* End PBXFrameworksBuildPhase section */

/* Begin PBXGroup section */
		A2008B76250767E60060C3D2 = {
			isa = PBXGroup;
			children = (
				A2008B81250767E60060C3D2 /* Recipe Search */,
				A2008B80250767E60060C3D2 /* Products */,
			);
			sourceTree = "<group>";
		};
		A2008B80250767E60060C3D2 /* Products */ = {
			isa = PBXGroup;
			children = (
				A2008B7F250767E60060C3D2 /* Recipe Search.app */,
			);
			name = Products;
			sourceTree = "<group>";
		};
		A2008B81250767E60060C3D2 /* Recipe Search */ = {
			isa = PBXGroup;
			children = (
				A2008BA025076A1A0060C3D2 /* Modules */,
				A2008B9F25076A0B0060C3D2 /* Library */,
				A2008B9D250769BB0060C3D2 /* Services */,
				A2008B9E250769E70060C3D2 /* Other */,
				A2008B90250767E70060C3D2 /* Info.plist */,
			);
			path = "Recipe Search";
			sourceTree = "<group>";
		};
		A2008B962507693C0060C3D2 /* RecipeSearch */ = {
			isa = PBXGroup;
			children = (
				A2008B9A250769870060C3D2 /* ViewModel */,
				A2008B98250769720060C3D2 /* View */,
				A2008B99250769800060C3D2 /* Model */,
			);
			path = RecipeSearch;
			sourceTree = "<group>";
		};
		A2008B97250769520060C3D2 /* RecipeDetails */ = {
			isa = PBXGroup;
			children = (
				A2008B9C250769A60060C3D2 /* ViewModel */,
				A2008B9B2507699D0060C3D2 /* View */,
			);
			path = RecipeDetails;
			sourceTree = "<group>";
		};
		A2008B98250769720060C3D2 /* View */ = {
			isa = PBXGroup;
			children = (
				A2F23B88250A31B800967D88 /* Controller */,
				A2F23B87250A31A900967D88 /* View */,
			);
			path = View;
			sourceTree = "<group>";
		};
		A2008B99250769800060C3D2 /* Model */ = {
			isa = PBXGroup;
			children = (
				A2008BAE250782970060C3D2 /* Recipe.swift */,
				A2008BD62507DB6C0060C3D2 /* SearchOption.swift */,
			);
			path = Model;
			sourceTree = "<group>";
		};
		A2008B9A250769870060C3D2 /* ViewModel */ = {
			isa = PBXGroup;
			children = (
				A2008BA725076CBB0060C3D2 /* RecipeSearchViewModel.swift */,
			);
			path = ViewModel;
			sourceTree = "<group>";
		};
		A2008B9B2507699D0060C3D2 /* View */ = {
			isa = PBXGroup;
			children = (
				A2F23B85250A30F800967D88 /* Controller */,
				A2F23B86250A310300967D88 /* View */,
			);
			path = View;
			sourceTree = "<group>";
		};
		A2008B9C250769A60060C3D2 /* ViewModel */ = {
			isa = PBXGroup;
			children = (
				A2DA5D692508B6EF004EAB7B /* RecipeDetailsViewModel.swift */,
			);
			path = ViewModel;
			sourceTree = "<group>";
		};
		A2008B9D250769BB0060C3D2 /* Services */ = {
			isa = PBXGroup;
			children = (
				A2008BA525076C740060C3D2 /* ModuleBuilder.swift */,
				A2008BB02507839B0060C3D2 /* ServerHandler.swift */,
				A2536667250A0BE60060CDCA /* Errors.swift */,
			);
			path = Services;
			sourceTree = "<group>";
		};
		A2008B9E250769E70060C3D2 /* Other */ = {
			isa = PBXGroup;
			children = (
				A2008B82250767E60060C3D2 /* AppDelegate.swift */,
				A2008B84250767E60060C3D2 /* SceneDelegate.swift */,
				A2008B86250767E60060C3D2 /* ViewController.swift */,
				A2008B8D250767E70060C3D2 /* LaunchScreen.storyboard */,
				A2008B8B250767E70060C3D2 /* Assets.xcassets */,
			);
			path = Other;
			sourceTree = "<group>";
		};
		A2008B9F25076A0B0060C3D2 /* Library */ = {
			isa = PBXGroup;
			children = (
				A2008BDA2507ED730060C3D2 /* Extensions */,
				A2008BAB25076DF30060C3D2 /* Colors */,
			);
			path = Library;
			sourceTree = "<group>";
		};
		A2008BA025076A1A0060C3D2 /* Modules */ = {
			isa = PBXGroup;
			children = (
				A2DA5D7625093548004EAB7B /* Main */,
				A2008B962507693C0060C3D2 /* RecipeSearch */,
				A2008B97250769520060C3D2 /* RecipeDetails */,
			);
			path = Modules;
			sourceTree = "<group>";
		};
		A2008BAB25076DF30060C3D2 /* Colors */ = {
			isa = PBXGroup;
			children = (
				A2008BA925076DEB0060C3D2 /* Color.xcassets */,
				A2008BAC25076E0D0060C3D2 /* Color.swift */,
			);
			path = Colors;
			sourceTree = "<group>";
		};
		A2008BDA2507ED730060C3D2 /* Extensions */ = {
			isa = PBXGroup;
			children = (
				A2008BD82507EB3E0060C3D2 /* UISearchBarExtension.swift */,
			);
			path = Extensions;
			sourceTree = "<group>";
		};
		A2DA5D7625093548004EAB7B /* Main */ = {
			isa = PBXGroup;
			children = (
				A2DA5D7B250936CB004EAB7B /* Main.swift */,
				A2DA5D7C250936CB004EAB7B /* Main.xib */,
			);
			path = Main;
			sourceTree = "<group>";
		};
		A2F23B85250A30F800967D88 /* Controller */ = {
			isa = PBXGroup;
			children = (
				A2DA5D652508A0C6004EAB7B /* RecipeDetails.swift */,
				A2F23B8F250A574600967D88 /* ExtensionRecipeDetails..swift */,
			);
			path = Controller;
			sourceTree = "<group>";
		};
		A2F23B86250A310300967D88 /* View */ = {
			isa = PBXGroup;
			children = (
				A2DA5D662508A0C6004EAB7B /* RecipeDetails.xib */,
				A2DA5D7225091D29004EAB7B /* IngradientsCell.swift */,
				A2DA5D7325091D29004EAB7B /* IngradientsCell.xib */,
			);
			path = View;
			sourceTree = "<group>";
		};
		A2F23B87250A31A900967D88 /* View */ = {
			isa = PBXGroup;
			children = (
				A2008BD42507AF100060C3D2 /* RecipeCell.swift */,
				A2008BA225076A9A0060C3D2 /* RecipeSearch.xib */,
			);
			path = View;
			sourceTree = "<group>";
		};
		A2F23B88250A31B800967D88 /* Controller */ = {
			isa = PBXGroup;
			children = (
				A2008BA125076A9A0060C3D2 /* RecipeSearch.swift */,
				A2F23B89250A31E700967D88 /* ExtensionRecipeSearch.swift */,
			);
			path = Controller;
			sourceTree = "<group>";
		};
/* End PBXGroup section */

/* Begin PBXNativeTarget section */
		A2008B7E250767E60060C3D2 /* Recipe Search */ = {
			isa = PBXNativeTarget;
			buildConfigurationList = A2008B93250767E70060C3D2 /* Build configuration list for PBXNativeTarget "Recipe Search" */;
			buildPhases = (
				A2008B7B250767E60060C3D2 /* Sources */,
				A2008B7C250767E60060C3D2 /* Frameworks */,
				A2008B7D250767E60060C3D2 /* Resources */,
			);
			buildRules = (
			);
			dependencies = (
			);
			name = "Recipe Search";
			productName = "Recipe Search";
			productReference = A2008B7F250767E60060C3D2 /* Recipe Search.app */;
			productType = "com.apple.product-type.application";
		};
/* End PBXNativeTarget section */

/* Begin PBXProject section */
		A2008B77250767E60060C3D2 /* Project object */ = {
			isa = PBXProject;
			attributes = {
				LastSwiftUpdateCheck = 1160;
				LastUpgradeCheck = 1160;
				ORGANIZATIONNAME = "Vasyl Travlinskyy";
				TargetAttributes = {
					A2008B7E250767E60060C3D2 = {
						CreatedOnToolsVersion = 11.6;
					};
				};
			};
			buildConfigurationList = A2008B7A250767E60060C3D2 /* Build configuration list for PBXProject "Recipe Search" */;
			compatibilityVersion = "Xcode 9.3";
			developmentRegion = en;
			hasScannedForEncodings = 0;
			knownRegions = (
				en,
				Base,
			);
			mainGroup = A2008B76250767E60060C3D2;
			productRefGroup = A2008B80250767E60060C3D2 /* Products */;
			projectDirPath = "";
			projectRoot = "";
			targets = (
				A2008B7E250767E60060C3D2 /* Recipe Search */,
			);
		};
/* End PBXProject section */

/* Begin PBXResourcesBuildPhase section */
		A2008B7D250767E60060C3D2 /* Resources */ = {
			isa = PBXResourcesBuildPhase;
			buildActionMask = 2147483647;
			files = (
				A2DA5D682508A0C6004EAB7B /* RecipeDetails.xib in Resources */,
				A2DA5D7E250936CB004EAB7B /* Main.xib in Resources */,
				A2008B8F250767E70060C3D2 /* LaunchScreen.storyboard in Resources */,
				A2008BA425076A9A0060C3D2 /* RecipeSearch.xib in Resources */,
				A2008BAA25076DEB0060C3D2 /* Color.xcassets in Resources */,
				A2DA5D7525091D29004EAB7B /* IngradientsCell.xib in Resources */,
				A2008B8C250767E70060C3D2 /* Assets.xcassets in Resources */,
			);
			runOnlyForDeploymentPostprocessing = 0;
		};
/* End PBXResourcesBuildPhase section */

/* Begin PBXSourcesBuildPhase section */
		A2008B7B250767E60060C3D2 /* Sources */ = {
			isa = PBXSourcesBuildPhase;
			buildActionMask = 2147483647;
			files = (
				A2008BA825076CBB0060C3D2 /* RecipeSearchViewModel.swift in Sources */,
				A2008BA625076C740060C3D2 /* ModuleBuilder.swift in Sources */,
				A2008BAD25076E0D0060C3D2 /* Color.swift in Sources */,
				A2008B87250767E60060C3D2 /* ViewController.swift in Sources */,
				A2008BA325076A9A0060C3D2 /* RecipeSearch.swift in Sources */,
				A2F23B90250A574600967D88 /* ExtensionRecipeDetails..swift in Sources */,
				A2DA5D7D250936CB004EAB7B /* Main.swift in Sources */,
				A2008B83250767E60060C3D2 /* AppDelegate.swift in Sources */,
				A2008BD52507AF100060C3D2 /* RecipeCell.swift in Sources */,
				A2008BB12507839B0060C3D2 /* ServerHandler.swift in Sources */,
				A2DA5D7425091D29004EAB7B /* IngradientsCell.swift in Sources */,
				A2008B85250767E60060C3D2 /* SceneDelegate.swift in Sources */,
				A2008BAF250782970060C3D2 /* Recipe.swift in Sources */,
				A2DA5D6A2508B6EF004EAB7B /* RecipeDetailsViewModel.swift in Sources */,
				A2F23B8A250A31E700967D88 /* ExtensionRecipeSearch.swift in Sources */,
				A2008BD92507EB3F0060C3D2 /* UISearchBarExtension.swift in Sources */,
				A2DA5D672508A0C6004EAB7B /* RecipeDetails.swift in Sources */,
				A2536668250A0BE60060CDCA /* Errors.swift in Sources */,
				A2008BD72507DB6C0060C3D2 /* SearchOption.swift in Sources */,
			);
			runOnlyForDeploymentPostprocessing = 0;
		};
/* End PBXSourcesBuildPhase section */

/* Begin PBXVariantGroup section */
		A2008B8D250767E70060C3D2 /* LaunchScreen.storyboard */ = {
			isa = PBXVariantGroup;
			children = (
				A2008B8E250767E70060C3D2 /* Base */,
			);
			name = LaunchScreen.storyboard;
			sourceTree = "<group>";
		};
/* End PBXVariantGroup section */

/* Begin XCBuildConfiguration section */
		A2008B91250767E70060C3D2 /* Debug */ = {
			isa = XCBuildConfiguration;
			buildSettings = {
				ALWAYS_SEARCH_USER_PATHS = NO;
				CLANG_ANALYZER_NONNULL = YES;
				CLANG_ANALYZER_NUMBER_OBJECT_CONVERSION = YES_AGGRESSIVE;
				CLANG_CXX_LANGUAGE_STANDARD = "gnu++14";
				CLANG_CXX_LIBRARY = "libc++";
				CLANG_ENABLE_MODULES = YES;
				CLANG_ENABLE_OBJC_ARC = YES;
				CLANG_ENABLE_OBJC_WEAK = YES;
				CLANG_WARN_BLOCK_CAPTURE_AUTORELEASING = YES;
				CLANG_WARN_BOOL_CONVERSION = YES;
				CLANG_WARN_COMMA = YES;
				CLANG_WARN_CONSTANT_CONVERSION = YES;
				CLANG_WARN_DEPRECATED_OBJC_IMPLEMENTATIONS = YES;
				CLANG_WARN_DIRECT_OBJC_ISA_USAGE = YES_ERROR;
				CLANG_WARN_DOCUMENTATION_COMMENTS = YES;
				CLANG_WARN_EMPTY_BODY = YES;
				CLANG_WARN_ENUM_CONVERSION = YES;
				CLANG_WARN_INFINITE_RECURSION = YES;
				CLANG_WARN_INT_CONVERSION = YES;
				CLANG_WARN_NON_LITERAL_NULL_CONVERSION = YES;
				CLANG_WARN_OBJC_IMPLICIT_RETAIN_SELF = YES;
				CLANG_WARN_OBJC_LITERAL_CONVERSION = YES;
				CLANG_WARN_OBJC_ROOT_CLASS = YES_ERROR;
				CLANG_WARN_RANGE_LOOP_ANALYSIS = YES;
				CLANG_WARN_STRICT_PROTOTYPES = YES;
				CLANG_WARN_SUSPICIOUS_MOVE = YES;
				CLANG_WARN_UNGUARDED_AVAILABILITY = YES_AGGRESSIVE;
				CLANG_WARN_UNREACHABLE_CODE = YES;
				CLANG_WARN__DUPLICATE_METHOD_MATCH = YES;
				COPY_PHASE_STRIP = NO;
				DEBUG_INFORMATION_FORMAT = dwarf;
				ENABLE_STRICT_OBJC_MSGSEND = YES;
				ENABLE_TESTABILITY = YES;
				GCC_C_LANGUAGE_STANDARD = gnu11;
				GCC_DYNAMIC_NO_PIC = NO;
				GCC_NO_COMMON_BLOCKS = YES;
				GCC_OPTIMIZATION_LEVEL = 0;
				GCC_PREPROCESSOR_DEFINITIONS = (
					"DEBUG=1",
					"$(inherited)",
				);
				GCC_WARN_64_TO_32_BIT_CONVERSION = YES;
				GCC_WARN_ABOUT_RETURN_TYPE = YES_ERROR;
				GCC_WARN_UNDECLARED_SELECTOR = YES;
				GCC_WARN_UNINITIALIZED_AUTOS = YES_AGGRESSIVE;
				GCC_WARN_UNUSED_FUNCTION = YES;
				GCC_WARN_UNUSED_VARIABLE = YES;
				IPHONEOS_DEPLOYMENT_TARGET = 13.6;
				MTL_ENABLE_DEBUG_INFO = INCLUDE_SOURCE;
				MTL_FAST_MATH = YES;
				ONLY_ACTIVE_ARCH = YES;
				SDKROOT = iphoneos;
				SWIFT_ACTIVE_COMPILATION_CONDITIONS = DEBUG;
				SWIFT_OPTIMIZATION_LEVEL = "-Onone";
			};
			name = Debug;
		};
		A2008B92250767E70060C3D2 /* Release */ = {
			isa = XCBuildConfiguration;
			buildSettings = {
				ALWAYS_SEARCH_USER_PATHS = NO;
				CLANG_ANALYZER_NONNULL = YES;
				CLANG_ANALYZER_NUMBER_OBJECT_CONVERSION = YES_AGGRESSIVE;
				CLANG_CXX_LANGUAGE_STANDARD = "gnu++14";
				CLANG_CXX_LIBRARY = "libc++";
				CLANG_ENABLE_MODULES = YES;
				CLANG_ENABLE_OBJC_ARC = YES;
				CLANG_ENABLE_OBJC_WEAK = YES;
				CLANG_WARN_BLOCK_CAPTURE_AUTORELEASING = YES;
				CLANG_WARN_BOOL_CONVERSION = YES;
				CLANG_WARN_COMMA = YES;
				CLANG_WARN_CONSTANT_CONVERSION = YES;
				CLANG_WARN_DEPRECATED_OBJC_IMPLEMENTATIONS = YES;
				CLANG_WARN_DIRECT_OBJC_ISA_USAGE = YES_ERROR;
				CLANG_WARN_DOCUMENTATION_COMMENTS = YES;
				CLANG_WARN_EMPTY_BODY = YES;
				CLANG_WARN_ENUM_CONVERSION = YES;
				CLANG_WARN_INFINITE_RECURSION = YES;
				CLANG_WARN_INT_CONVERSION = YES;
				CLANG_WARN_NON_LITERAL_NULL_CONVERSION = YES;
				CLANG_WARN_OBJC_IMPLICIT_RETAIN_SELF = YES;
				CLANG_WARN_OBJC_LITERAL_CONVERSION = YES;
				CLANG_WARN_OBJC_ROOT_CLASS = YES_ERROR;
				CLANG_WARN_RANGE_LOOP_ANALYSIS = YES;
				CLANG_WARN_STRICT_PROTOTYPES = YES;
				CLANG_WARN_SUSPICIOUS_MOVE = YES;
				CLANG_WARN_UNGUARDED_AVAILABILITY = YES_AGGRESSIVE;
				CLANG_WARN_UNREACHABLE_CODE = YES;
				CLANG_WARN__DUPLICATE_METHOD_MATCH = YES;
				COPY_PHASE_STRIP = NO;
				DEBUG_INFORMATION_FORMAT = "dwarf-with-dsym";
				ENABLE_NS_ASSERTIONS = NO;
				ENABLE_STRICT_OBJC_MSGSEND = YES;
				GCC_C_LANGUAGE_STANDARD = gnu11;
				GCC_NO_COMMON_BLOCKS = YES;
				GCC_WARN_64_TO_32_BIT_CONVERSION = YES;
				GCC_WARN_ABOUT_RETURN_TYPE = YES_ERROR;
				GCC_WARN_UNDECLARED_SELECTOR = YES;
				GCC_WARN_UNINITIALIZED_AUTOS = YES_AGGRESSIVE;
				GCC_WARN_UNUSED_FUNCTION = YES;
				GCC_WARN_UNUSED_VARIABLE = YES;
				IPHONEOS_DEPLOYMENT_TARGET = 13.6;
				MTL_ENABLE_DEBUG_INFO = NO;
				MTL_FAST_MATH = YES;
				SDKROOT = iphoneos;
				SWIFT_COMPILATION_MODE = wholemodule;
				SWIFT_OPTIMIZATION_LEVEL = "-O";
				VALIDATE_PRODUCT = YES;
			};
			name = Release;
		};
		A2008B94250767E70060C3D2 /* Debug */ = {
			isa = XCBuildConfiguration;
			buildSettings = {
				ASSETCATALOG_COMPILER_APPICON_NAME = AppIcon;
				CODE_SIGN_STYLE = Automatic;
				DEVELOPMENT_TEAM = 5C3DBY995J;
				INFOPLIST_FILE = "Recipe Search/Info.plist";
				IPHONEOS_DEPLOYMENT_TARGET = 12.0;
				LD_RUNPATH_SEARCH_PATHS = (
					"$(inherited)",
					"@executable_path/Frameworks",
				);
				PRODUCT_BUNDLE_IDENTIFIER = "vasyl.Recipe-Search";
				PRODUCT_NAME = "$(TARGET_NAME)";
				SWIFT_VERSION = 5.0;
				TARGETED_DEVICE_FAMILY = "1,2";
			};
			name = Debug;
		};
		A2008B95250767E70060C3D2 /* Release */ = {
			isa = XCBuildConfiguration;
			buildSettings = {
				ASSETCATALOG_COMPILER_APPICON_NAME = AppIcon;
				CODE_SIGN_STYLE = Automatic;
				DEVELOPMENT_TEAM = 5C3DBY995J;
				INFOPLIST_FILE = "Recipe Search/Info.plist";
				IPHONEOS_DEPLOYMENT_TARGET = 12.0;
				LD_RUNPATH_SEARCH_PATHS = (
					"$(inherited)",
					"@executable_path/Frameworks",
				);
				PRODUCT_BUNDLE_IDENTIFIER = "vasyl.Recipe-Search";
				PRODUCT_NAME = "$(TARGET_NAME)";
				SWIFT_VERSION = 5.0;
				TARGETED_DEVICE_FAMILY = "1,2";
			};
			name = Release;
		};
/* End XCBuildConfiguration section */

/* Begin XCConfigurationList section */
		A2008B7A250767E60060C3D2 /* Build configuration list for PBXProject "Recipe Search" */ = {
			isa = XCConfigurationList;
			buildConfigurations = (
				A2008B91250767E70060C3D2 /* Debug */,
				A2008B92250767E70060C3D2 /* Release */,
			);
			defaultConfigurationIsVisible = 0;
			defaultConfigurationName = Release;
		};
		A2008B93250767E70060C3D2 /* Build configuration list for PBXNativeTarget "Recipe Search" */ = {
			isa = XCConfigurationList;
			buildConfigurations = (
				A2008B94250767E70060C3D2 /* Debug */,
				A2008B95250767E70060C3D2 /* Release */,
			);
			defaultConfigurationIsVisible = 0;
			defaultConfigurationName = Release;
		};
/* End XCConfigurationList section */
	};
	rootObject = A2008B77250767E60060C3D2 /* Project object */;
}
